
Microsoft Visual Studio Solution File, Format Version 12.00
# Visual Studio Version 17
VisualStudioVersion = 17.9.34622.214
MinimumVisualStudioVersion = 10.0.40219.1
Project("{FAE04EC0-301F-11D3-BF4B-00C04F79EFBC}") = "Assigment2", "Assigment2\Assigment2.csproj", "{730B243B-D91A-4732-B32C-182971465E54}"
EndProject
Global
	GlobalSection(SolutionConfigurationPlatforms) = preSolution
		Debug|Any CPU = Debug|Any CPU
		Release|Any CPU = Release|Any CPU
	EndGlobalSection
	GlobalSection(ProjectConfigurationPlatforms) = postSolution
		{730B243B-D91A-4732-B32C-182971465E54}.Debug|Any CPU.ActiveCfg = Debug|Any CPU
		{730B243B-D91A-4732-B32C-182971465E54}.Debug|Any CPU.Build.0 = Debug|Any CPU
		{730B243B-D91A-4732-B32C-182971465E54}.Release|Any CPU.ActiveCfg = Release|Any CPU
		{730B243B-D91A-4732-B32C-182971465E54}.Release|Any CPU.Build.0 = Release|Any CPU
	EndGlobalSection
	GlobalSection(SolutionProperties) = preSolution
		HideSolutionNode = FALSE
	EndGlobalSection
	GlobalSection(ExtensibilityGlobals) = postSolution
		SolutionGuid = {2F37328B-A967-499D-960B-97A40B8821D0}
	EndGlobalSection
EndGlobal
